{
  "lockfileVersion": 1,
  "workspaces": {
    "": {
      "name": "geekbot-skill-cli",
      "dependencies": {
        "@napi-rs/keyring": "^1.2.0",
        "commander": "^14.0.3",
        "zod": "^4.3.6",
      },
      "devDependencies": {
        "@biomejs/biome": "^2.4.7",
        "@types/bun": "^1.3.10",
        "typescript": "^5",
      },
    },
  },
  "packages": {
    "@biomejs/biome": ["@biomejs/biome@2.4.7", "", { "optionalDependencies": { "@biomejs/cli-darwin-arm64": "2.4.7", "@biomejs/cli-darwin-x64": "2.4.7", "@biomejs/cli-linux-arm64": "2.4.7", "@biomejs/cli-linux-arm64-musl": "2.4.7", "@biomejs/cli-linux-x64": "2.4.7", "@biomejs/cli-linux-x64-musl": "2.4.7", "@biomejs/cli-win32-arm64": "2.4.7", "@biomejs/cli-win32-x64": "2.4.7" }, "bin": { "biome": "bin/biome" } }, "sha512-vXrgcmNGZ4lpdwZSpMf1hWw1aWS6B+SyeSYKTLrNsiUsAdSRN0J4d/7mF3ogJFbIwFFSOL3wT92Zzxia/d5/ng=="],

    "@biomejs/cli-darwin-arm64": ["@biomejs/cli-darwin-arm64@2.4.7", "", { "os": "darwin", "cpu": "arm64" }, "sha512-Oo0cF5mHzmvDmTXw8XSjhCia8K6YrZnk7aCS54+/HxyMdZMruMO3nfpDsrlar/EQWe41r1qrwKiCa2QDYHDzWA=="],

    "@biomejs/cli-darwin-x64": ["@biomejs/cli-darwin-x64@2.4.7", "", { "os": "darwin", "cpu": "x64" }, "sha512-I+cOG3sd/7HdFtvDSnF9QQPrWguUH7zrkIMMykM3PtfWU9soTcS2yRb9Myq6MHmzbeCT08D1UmY+BaiMl5CcoQ=="],

    "@biomejs/cli-linux-arm64": ["@biomejs/cli-linux-arm64@2.4.7", "", { "os": "linux", "cpu": "arm64" }, "sha512-om6FugwmibzfP/6ALj5WRDVSND4H2G9X0nkI1HZpp2ySf9lW2j0X68oQSaHEnls6666oy4KDsc5RFjT4m0kV0w=="],

    "@biomejs/cli-linux-arm64-musl": ["@biomejs/cli-linux-arm64-musl@2.4.7", "", { "os": "linux", "cpu": "arm64" }, "sha512-I2NvM9KPb09jWml93O2/5WMfNR7Lee5Latag1JThDRMURVhPX74p9UDnyTw3Ae6cE1DgXfw7sqQgX7rkvpc0vw=="],

    "@biomejs/cli-linux-x64": ["@biomejs/cli-linux-x64@2.4.7", "", { "os": "linux", "cpu": "x64" }, "sha512-bV8/uo2Tj+gumnk4sUdkerWyCPRabaZdv88IpbmDWARQQoA/Q0YaqPz1a+LSEDIL7OfrnPi9Hq1Llz4ZIGyIQQ=="],

    "@biomejs/cli-linux-x64-musl": ["@biomejs/cli-linux-x64-musl@2.4.7", "", { "os": "linux", "cpu": "x64" }, "sha512-00kx4YrBMU8374zd2wHuRV5wseh0rom5HqRND+vDldJPrWwQw+mzd/d8byI9hPx926CG+vWzq6AeiT7Yi5y59g=="],

    "@biomejs/cli-win32-arm64": ["@biomejs/cli-win32-arm64@2.4.7", "", { "os": "win32", "cpu": "arm64" }, "sha512-hOUHBMlFCvDhu3WCq6vaBoG0dp0LkWxSEnEEsxxXvOa9TfT6ZBnbh72A/xBM7CBYB7WgwqboetzFEVDnMxelyw=="],

    "@biomejs/cli-win32-x64": ["@biomejs/cli-win32-x64@2.4.7", "", { "os": "win32", "cpu": "x64" }, "sha512-qEpGjSkPC3qX4ycbMUthXvi9CkRq7kZpkqMY1OyhmYlYLnANnooDQ7hDerM8+0NJ+DZKVnsIc07h30XOpt7LtQ=="],

    "@napi-rs/keyring": ["@napi-rs/keyring@1.2.0", "", { "optionalDependencies": { "@napi-rs/keyring-darwin-arm64": "1.2.0", "@napi-rs/keyring-darwin-x64": "1.2.0", "@napi-rs/keyring-freebsd-x64": "1.2.0", "@napi-rs/keyring-linux-arm-gnueabihf": "1.2.0", "@napi-rs/keyring-linux-arm64-gnu": "1.2.0", "@napi-rs/keyring-linux-arm64-musl": "1.2.0", "@napi-rs/keyring-linux-riscv64-gnu": "1.2.0", "@napi-rs/keyring-linux-x64-gnu": "1.2.0", "@napi-rs/keyring-linux-x64-musl": "1.2.0", "@napi-rs/keyring-win32-arm64-msvc": "1.2.0", "@napi-rs/keyring-win32-ia32-msvc": "1.2.0", "@napi-rs/keyring-win32-x64-msvc": "1.2.0" } }, "sha512-d0d4Oyxm+v980PEq1ZH2PmS6cvpMIRc17eYpiU47KgW+lzxklMu6+HOEOPmxrpnF/XQZ0+Q78I2mgMhbIIo/dg=="],

    "@napi-rs/keyring-darwin-arm64": ["@napi-rs/keyring-darwin-arm64@1.2.0", "", { "os": "darwin", "cpu": "arm64" }, "sha512-CA83rDeyONDADO25JLZsh3eHY8yTEtm/RS6ecPsY+1v+dSawzT9GywBMu2r6uOp1IEhQs/xAfxgybGAFr17lSA=="],

    "@napi-rs/keyring-darwin-x64": ["@napi-rs/keyring-darwin-x64@1.2.0", "", { "os": "darwin", "cpu": "x64" }, "sha512-dBHjtKRCj4ByfnfqIKIJLo3wueQNJhLRyuxtX/rR4K/XtcS7VLlRD01XXizjpre54vpmObj63w+ZpHG+mGM8uA=="],

    "@napi-rs/keyring-freebsd-x64": ["@napi-rs/keyring-freebsd-x64@1.2.0", "", { "os": "freebsd", "cpu": "x64" }, "sha512-DPZFr11pNJSnaoh0dzSUNF+T6ORhy3CkzUT3uGixbA71cAOPJ24iG8e8QrLOkuC/StWrAku3gBnth2XMWOcR3Q=="],

    "@napi-rs/keyring-linux-arm-gnueabihf": ["@napi-rs/keyring-linux-arm-gnueabihf@1.2.0", "", { "os": "linux", "cpu": "arm" }, "sha512-8xv6DyEMlvRdqJzp4F39RLUmmTQsLcGYYv/3eIfZNZN1O5257tHxTrFYqAsny659rJJK2EKeSa7PhrSibQqRWQ=="],

    "@napi-rs/keyring-linux-arm64-gnu": ["@napi-rs/keyring-linux-arm64-gnu@1.2.0", "", { "os": "linux", "cpu": "arm64" }, "sha512-Pu2V6Py+PBt7inryEecirl+t+ti8bhZphjP+W68iVaXHUxLdWmkgL9KI1VkbRHbx5k8K5Tew9OP218YfmVguIA=="],

    "@napi-rs/keyring-linux-arm64-musl": ["@napi-rs/keyring-linux-arm64-musl@1.2.0", "", { "os": "linux", "cpu": "arm64" }, "sha512-8TDymrpC4P1a9iDEaegT7RnrkmrJN5eNZh3Im3UEV5PPYGtrb82CRxsuFohthCWQW81O483u1bu+25+XA4nKUw=="],

    "@napi-rs/keyring-linux-riscv64-gnu": ["@napi-rs/keyring-linux-riscv64-gnu@1.2.0", "", { "os": "linux", "cpu": "none" }, "sha512-awsB5XI1MYL7fwfjMDGmKOWvNgJEO7mM7iVEMS0fO39f0kVJnOSjlu7RHcXAF0LOx+0VfF3oxbWqJmZbvRCRHw=="],

    "@napi-rs/keyring-linux-x64-gnu": ["@napi-rs/keyring-linux-x64-gnu@1.2.0", "", { "os": "linux", "cpu": "x64" }, "sha512-8E+7z4tbxSJXxIBqA+vfB1CGajpCDRyTyqXkBig5NtASrv4YXcntSo96Iah2QDR5zD3dSTsmbqJudcj9rKKuHQ=="],

    "@napi-rs/keyring-linux-x64-musl": ["@napi-rs/keyring-linux-x64-musl@1.2.0", "", { "os": "linux", "cpu": "x64" }, "sha512-8RZ8yVEnmWr/3BxKgBSzmgntI7lNEsY7xouNfOsQkuVAiCNmxzJwETspzK3PQ2FHtDxgz5vHQDEBVGMyM4hUHA=="],

    "@napi-rs/keyring-win32-arm64-msvc": ["@napi-rs/keyring-win32-arm64-msvc@1.2.0", "", { "os": "win32", "cpu": "arm64" }, "sha512-AoqaDZpQ6KPE19VBLpxyORcp+yWmHI9Xs9Oo0PJ4mfHma4nFSLVdhAubJCxdlNptHe5va7ghGCHj3L9Akiv4cQ=="],

    "@napi-rs/keyring-win32-ia32-msvc": ["@napi-rs/keyring-win32-ia32-msvc@1.2.0", "", { "os": "win32", "cpu": "ia32" }, "sha512-EYL+EEI6bCsYi3LfwcQdnX3P/R76ENKNn+3PmpGheBsUFLuh0gQuP7aMVHM4rTw6UVe+L3vCLZSptq/oeacz0A=="],

    "@napi-rs/keyring-win32-x64-msvc": ["@napi-rs/keyring-win32-x64-msvc@1.2.0", "", { "os": "win32", "cpu": "x64" }, "sha512-xFlx/TsmqmCwNU9v+AVnEJgoEAlBYgzFF5Ihz1rMpPAt4qQWWkMd4sCyM1gMJ1A/GnRqRegDiQpwaxGUHFtFbA=="],

    "@types/bun": ["@types/bun@1.3.10", "", { "dependencies": { "bun-types": "1.3.10" } }, "sha512-0+rlrUrOrTSskibryHbvQkDOWRJwJZqZlxrUs1u4oOoTln8+WIXBPmAuCF35SWB2z4Zl3E84Nl/D0P7803nigQ=="],

    "@types/node": ["@types/node@25.5.0", "", { "dependencies": { "undici-types": "~7.18.0" } }, "sha512-jp2P3tQMSxWugkCUKLRPVUpGaL5MVFwF8RDuSRztfwgN1wmqJeMSbKlnEtQqU8UrhTmzEmZdu2I6v2dpp7XIxw=="],

    "bun-types": ["bun-types@1.3.10", "", { "dependencies": { "@types/node": "*" } }, "sha512-tcpfCCl6XWo6nCVnpcVrxQ+9AYN1iqMIzgrSKYMB/fjLtV2eyAVEg7AxQJuCq/26R6HpKWykQXuSOq/21RYcbg=="],

    "commander": ["commander@14.0.3", "", {}, "sha512-H+y0Jo/T1RZ9qPP4Eh1pkcQcLRglraJaSLoyOtHxu6AapkjWVCy2Sit1QQ4x3Dng8qDlSsZEet7g5Pq06MvTgw=="],

    "typescript": ["typescript@5.9.3", "", { "bin": { "tsc": "bin/tsc", "tsserver": "bin/tsserver" } }, "sha512-jl1vZzPDinLr9eUt3J/t7V6FgNEw9QjvBPdysz9KfQDD41fQrC2Y4vKQdiaUpFT4bXlb1RHhLpp8wtm6M5TgSw=="],

    "undici-types": ["undici-types@7.18.2", "", {}, "sha512-AsuCzffGHJybSaRrmr5eHr81mwJU3kjw6M+uprWvCXiNeN9SOGwQ3Jn8jb8m3Z6izVgknn1R0FTCEAP2QrLY/w=="],

    "zod": ["zod@4.3.6", "", {}, "sha512-rftlrkhHZOcjDwkGlnUtZZkvaPHCsDATp4pGpuOOMDaTdDDXF91wuVDJoWoPsKX/3YPQ5fHuF3STjcYyKr+Qhg=="],
  }
}
